{
  "name": "AJTC",
  "lockfileVersion": 3,
  "requires": true,
  "packages": {
    "": {
      "dependencies": {
        "oxc-minify": "^0.133.0",
        "oxfmt": "^0.52.0"
      }
    },
    "node_modules/@emnapi/core": {
      "version": "1.10.0",
      "resolved": "https://registry.npmjs.org/@emnapi/core/-/core-1.10.0.tgz",
      "integrity": "sha512-yq6OkJ4p82CAfPl0u9mQebQHKPJkY7WrIuk205cTYnYe+k2Z8YBh11FrbRG/H6ihirqcacOgl2BIO8oyMQLeXw==",
      "license": "MIT",
      "optional": true,
      "dependencies": {
        "@emnapi/wasi-threads": "1.2.1",
        "tslib": "^2.4.0"
      }
    },
    "node_modules/@emnapi/runtime": {
      "version": "1.10.0",
      "resolved": "https://registry.npmjs.org/@emnapi/runtime/-/runtime-1.10.0.tgz",
      "integrity": "sha512-ewvYlk86xUoGI0zQRNq/mC+16R1QeDlKQy21Ki3oSYXNgLb45GV1P6A0M+/s6nyCuNDqe5VpaY84BzXGwVbwFA==",
      "license": "MIT",
      "optional": true,
      "dependencies": {
        "tslib": "^2.4.0"
      }
    },
    "node_modules/@emnapi/wasi-threads": {
      "version": "1.2.1",
      "resolved": "https://registry.npmjs.org/@emnapi/wasi-threads/-/wasi-threads-1.2.1.tgz",
      "integrity": "sha512-uTII7OYF+/Mes/MrcIOYp5yOtSMLBWSIoLPpcgwipoiKbli6k322tcoFsxoIIxPDqW01SQGAgko4EzZi2BNv2w==",
      "license": "MIT",
      "optional": true,
      "dependencies": {
        "tslib": "^2.4.0"
      }
    },
    "node_modules/@napi-rs/wasm-runtime": {
      "version": "1.1.4",
      "resolved": "https://registry.npmjs.org/@napi-rs/wasm-runtime/-/wasm-runtime-1.1.4.tgz",
      "integrity": "sha512-3NQNNgA1YSlJb/kMH1ildASP9HW7/7kYnRI2szWJaofaS1hWmbGI4H+d3+22aGzXXN9IJ+n+GiFVcGipJP18ow==",
      "license": "MIT",
      "optional": true,
      "dependencies": {
        "@tybys/wasm-util": "^0.10.1"
      },
      "funding": {
        "type": "github",
        "url": "https://github.com/sponsors/Brooooooklyn"
      },
      "peerDependencies": {
        "@emnapi/core": "^1.7.1",
        "@emnapi/runtime": "^1.7.1"
      }
    },
    "node_modules/@oxc-minify/binding-android-arm-eabi": {
      "version": "0.133.0",
      "resolved": "https://registry.npmjs.org/@oxc-minify/binding-android-arm-eabi/-/binding-android-arm-eabi-0.133.0.tgz",
      "integrity": "sha512-D8M1+nqwLaACHZsld/t6f+cE4N97XOu5iQ88f1ZaYH4ptFzFrXo5N7wUKACTI4xmNUD+6W0Y4Apk5U2r8HLdBQ==",
      "cpu": [
        "arm"
      ],
      "license": "MIT",
      "optional": true,
      "os": [
        "android"
      ],
      "engines": {
        "node": "^20.19.0 || >=22.12.0"
      }
    },
    "node_modules/@oxc-minify/binding-android-arm64": {
      "version": "0.133.0",
      "resolved": "https://registry.npmjs.org/@oxc-minify/binding-android-arm64/-/binding-android-arm64-0.133.0.tgz",
      "integrity": "sha512-dnQUJdpOEh/nZfQtvGGN61VcCCcPJ2aCm+ndl8GIA2lk2GpmIBgZ9h+phLVhgUFGt2es+2AQc0xvtK7RFNsViw==",
      "cpu": [
        "arm64"
      ],
      "license": "MIT",
      "optional": true,
      "os": [
        "android"
      ],
      "engines": {
        "node": "^20.19.0 || >=22.12.0"
      }
    },
    "node_modules/@oxc-minify/binding-darwin-arm64": {
      "version": "0.133.0",
      "resolved": "https://registry.npmjs.org/@oxc-minify/binding-darwin-arm64/-/binding-darwin-arm64-0.133.0.tgz",
      "integrity": "sha512-K6+aXlOlsCcibpTiTitQYNXWGGwea0fEKF/kGHCNB+MNqOLCkdC7wesycaABYcXcyr58DhDoJnVb8E4Hq95iVw==",
      "cpu": [
        "arm64"
      ],
      "license": "MIT",
      "optional": true,
      "os": [
        "darwin"
      ],
      "engines": {
        "node": "^20.19.0 || >=22.12.0"
      }
    },
    "node_modules/@oxc-minify/binding-darwin-x64": {
      "version": "0.133.0",
      "resolved": "https://registry.npmjs.org/@oxc-minify/binding-darwin-x64/-/binding-darwin-x64-0.133.0.tgz",
      "integrity": "sha512-BFEXHxYNwThyaO63p1VE5MOOXNGkHsHfkmajOCKXH40TfllTHQenXhpJ9mHDoF7EhaQjArpPjlDY88BuPjhurw==",
      "cpu": [
        "x64"
      ],
      "license": "MIT",
      "optional": true,
      "os": [
        "darwin"
      ],
      "engines": {
        "node": "^20.19.0 || >=22.12.0"
      }
    },
    "node_modules/@oxc-minify/binding-freebsd-x64": {
      "version": "0.133.0",
      "resolved": "https://registry.npmjs.org/@oxc-minify/binding-freebsd-x64/-/binding-freebsd-x64-0.133.0.tgz",
      "integrity": "sha512-oT5dbcXnS/cbpdXCpudAeVg/fqH1XnKhLUE/vkuRTuocjOd/GA2MoNMMhLWUvqNXO0xJnYmo2ISmDxShkItfOQ==",
      "cpu": [
        "x64"
      ],
      "license": "MIT",
      "optional": true,
      "os": [
        "freebsd"
      ],
      "engines": {
        "node": "^20.19.0 || >=22.12.0"
      }
    },
    "node_modules/@oxc-minify/binding-linux-arm-gnueabihf": {
      "version": "0.133.0",
      "resolved": "https://registry.npmjs.org/@oxc-minify/binding-linux-arm-gnueabihf/-/binding-linux-arm-gnueabihf-0.133.0.tgz",
      "integrity": "sha512-tJ3B+b7DOuTsIMXSmu5xHHCakrBqqcrp4COYd/lelOdDvkbFoDRGnwH91POUOSUEOI/WLzIMkDqAH2SZ3N2jhQ==",
      "cpu": [
        "arm"
      ],
      "license": "MIT",
      "optional": true,
      "os": [
        "linux"
      ],
      "engines": {
        "node": "^20.19.0 || >=22.12.0"
      }
    },
    "node_modules/@oxc-minify/binding-linux-arm-musleabihf": {
      "version": "0.133.0",
      "resolved": "https://registry.npmjs.org/@oxc-minify/binding-linux-arm-musleabihf/-/binding-linux-arm-musleabihf-0.133.0.tgz",
      "integrity": "sha512-XMUHfdilk1KTtOM2vA1bwDso07/wkLm/GgDOO9z/ioxrZoQyjXnJRW665VXa08z2BqEgwHRc1zH9p7s6sKPQbg==",
      "cpu": [
        "arm"
      ],
      "license": "MIT",
      "optional": true,
      "os": [
        "linux"
      ],
      "engines": {
        "node": "^20.19.0 || >=22.12.0"
      }
    },
    "node_modules/@oxc-minify/binding-linux-arm64-gnu": {
      "version": "0.133.0",
      "resolved": "https://registry.npmjs.org/@oxc-minify/binding-linux-arm64-gnu/-/binding-linux-arm64-gnu-0.133.0.tgz",
      "integrity": "sha512-UEff2jopbwJ4SndmxK06uqXrOpwWiJERJPdgDTBywwXP9QgW0p1YkQnBNt4+jK0I/hdLpbbyaCLLuUPKbaU70w==",
      "cpu": [
        "arm64"
      ],
      "license": "MIT",
      "optional": true,
      "os": [
        "linux"
      ],
      "engines": {
        "node": "^20.19.0 || >=22.12.0"
      }
    },
    "node_modules/@oxc-minify/binding-linux-arm64-musl": {
      "version": "0.133.0",
      "resolved": "https://registry.npmjs.org/@oxc-minify/binding-linux-arm64-musl/-/binding-linux-arm64-musl-0.133.0.tgz",
      "integrity": "sha512-yqskeIapQvx7Tu/OLsepLPcGsHGzfYy9PX6gIbhaOHfF+LA2zHBKnKb587FGx+lQjHLQR0llfmoSuXQ6q2EN+A==",
      "cpu": [
        "arm64"
      ],
      "license": "MIT",
      "optional": true,
      "os": [
        "linux"
      ],
      "engines": {
        "node": "^20.19.0 || >=22.12.0"
      }
    },
    "node_modules/@oxc-minify/binding-linux-ppc64-gnu": {
      "version": "0.133.0",
      "resolved": "https://registry.npmjs.org/@oxc-minify/binding-linux-ppc64-gnu/-/binding-linux-ppc64-gnu-0.133.0.tgz",
      "integrity": "sha512-r7PnUNxRB9D/gQjCVeasoieJVUF48n43rvk/jYbGAw9sRfYGoEo/rOs0GyTZU9ttss8HzjBaerAbADbAL8K8vw==",
      "cpu": [
        "ppc64"
      ],
      "license": "MIT",
      "optional": true,
      "os": [
        "linux"
      ],
      "engines": {
        "node": "^20.19.0 || >=22.12.0"
      }
    },
    "node_modules/@oxc-minify/binding-linux-riscv64-gnu": {
      "version": "0.133.0",
      "resolved": "https://registry.npmjs.org/@oxc-minify/binding-linux-riscv64-gnu/-/binding-linux-riscv64-gnu-0.133.0.tgz",
      "integrity": "sha512-omXWC8I9lAMMjQIeadfItP5H4VDAiuU2BiVCtHMH3ktTbFq04sxscZhK4NFUUuw3fApDdXmfd7LW18q0JBHarg==",
      "cpu": [
        "riscv64"
      ],
      "license": "MIT",
      "optional": true,
      "os": [
        "linux"
      ],
      "engines": {
        "node": "^20.19.0 || >=22.12.0"
      }
    },
    "node_modules/@oxc-minify/binding-linux-riscv64-musl": {
      "version": "0.133.0",
      "resolved": "https://registry.npmjs.org/@oxc-minify/binding-linux-riscv64-musl/-/binding-linux-riscv64-musl-0.133.0.tgz",
      "integrity": "sha512-LtFA3Hi8LVD/zuiPLKy9Aiz7N1IOj8rRhdXiW38GKQ9mAhj+Ko6IHGcTk2A7yNDA1DZBl7r+Qd4PEGWgVelPPw==",
      "cpu": [
        "riscv64"
      ],
      "license": "MIT",
      "optional": true,
      "os": [
        "linux"
      ],
      "engines": {
        "node": "^20.19.0 || >=22.12.0"
      }
    },
    "node_modules/@oxc-minify/binding-linux-s390x-gnu": {
      "version": "0.133.0",
      "resolved": "https://registry.npmjs.org/@oxc-minify/binding-linux-s390x-gnu/-/binding-linux-s390x-gnu-0.133.0.tgz",
      "integrity": "sha512-rFsPDsT1j3beSInbrFukAAlTg101PcqdVMXDioR9AgJ1180tZ8s8D+pNDpQTRmPd3956mnpAE+Cs77Xoo/QZAQ==",
      "cpu": [
        "s390x"
      ],
      "license": "MIT",
      "optional": true,
      "os": [
        "linux"
      ],
      "engines": {
        "node": "^20.19.0 || >=22.12.0"
      }
    },
    "node_modules/@oxc-minify/binding-linux-x64-gnu": {
      "version": "0.133.0",
      "resolved": "https://registry.npmjs.org/@oxc-minify/binding-linux-x64-gnu/-/binding-linux-x64-gnu-0.133.0.tgz",
      "integrity": "sha512-xlrtAmDWZI8BEmsaXMYfblWuLIY5UnnRkit1VLkmVDb5ceZRZf4oEXK1QeYf5Z33dT0WK1Ek++P+TL/ZMCpyGQ==",
      "cpu": [
        "x64"
      ],
      "license": "MIT",
      "optional": true,
      "os": [
        "linux"
      ],
      "engines": {
        "node": "^20.19.0 || >=22.12.0"
      }
    },
    "node_modules/@oxc-minify/binding-linux-x64-musl": {
      "version": "0.133.0",
      "resolved": "https://registry.npmjs.org/@oxc-minify/binding-linux-x64-musl/-/binding-linux-x64-musl-0.133.0.tgz",
      "integrity": "sha512-kd36CDkTkZDMNfVceNTSfpWnitE1+GjZmzJCeq8yaxsgvs/MXg8aauI2RgFjElYZIHSMyZku4pQ7Jtl3ZEYI6w==",
      "cpu": [
        "x64"
      ],
      "license": "MIT",
      "optional": true,
      "os": [
        "linux"
      ],
      "engines": {
        "node": "^20.19.0 || >=22.12.0"
      }
    },
    "node_modules/@oxc-minify/binding-openharmony-arm64": {
      "version": "0.133.0",
      "resolved": "https://registry.npmjs.org/@oxc-minify/binding-openharmony-arm64/-/binding-openharmony-arm64-0.133.0.tgz",
      "integrity": "sha512-pI38dJBqfkNbFoL/GEarAzGDjKGVCZTdg0a8NKh1PP9GqWleXT6HLtXE4CZ+54e+2u68qVYVBwhbWAiRfwlUZA==",
      "cpu": [
        "arm64"
      ],
      "license": "MIT",
      "optional": true,
      "os": [
        "openharmony"
      ],
      "engines": {
        "node": "^20.19.0 || >=22.12.0"
      }
    },
    "node_modules/@oxc-minify/binding-wasm32-wasi": {
      "version": "0.133.0",
      "resolved": "https://registry.npmjs.org/@oxc-minify/binding-wasm32-wasi/-/binding-wasm32-wasi-0.133.0.tgz",
      "integrity": "sha512-AkLr+d+LLY4/55J/TrE0srNBUpZPzyU+cygdse7yZ9AhCndryNqe2y6e8naVK0TV7n8lxBd2OGGJAkho6blAkw==",
      "cpu": [
        "wasm32"
      ],
      "license": "MIT",
      "optional": true,
      "dependencies": {
        "@emnapi/core": "1.10.0",
        "@emnapi/runtime": "1.10.0",
        "@napi-rs/wasm-runtime": "^1.1.4"
      },
      "engines": {
        "node": "^20.19.0 || >=22.12.0"
      }
    },
    "node_modules/@oxc-minify/binding-win32-arm64-msvc": {
      "version": "0.133.0",
      "resolved": "https://registry.npmjs.org/@oxc-minify/binding-win32-arm64-msvc/-/binding-win32-arm64-msvc-0.133.0.tgz",
      "integrity": "sha512-V92v7397t2073g+mSfaLHnPeoz6hA/1U4JNLeUBP87eWGZgVxDZ2qz3t3wFyYqXGJ/0VoEwdP8yrHLQQ7QzAOQ==",
      "cpu": [
        "arm64"
      ],
      "license": "MIT",
      "optional": true,
      "os": [
        "win32"
      ],
      "engines": {
        "node": "^20.19.0 || >=22.12.0"
      }
    },
    "node_modules/@oxc-minify/binding-win32-ia32-msvc": {
      "version": "0.133.0",
      "resolved": "https://registry.npmjs.org/@oxc-minify/binding-win32-ia32-msvc/-/binding-win32-ia32-msvc-0.133.0.tgz",
      "integrity": "sha512-2DP5RbG/SSaRVtmuwgTH6Ati4+uuOJjoI88dQnC5hD0zCC90EVDXZSXyJQ5i/OxLE1UAy58Wo2DJot/OrUspzA==",
      "cpu": [
        "ia32"
      ],
      "license": "MIT",
      "optional": true,
      "os": [
        "win32"
      ],
      "engines": {
        "node": "^20.19.0 || >=22.12.0"
      }
    },
    "node_modules/@oxc-minify/binding-win32-x64-msvc": {
      "version": "0.133.0",
      "resolved": "https://registry.npmjs.org/@oxc-minify/binding-win32-x64-msvc/-/binding-win32-x64-msvc-0.133.0.tgz",
      "integrity": "sha512-PJ75c6PlBx87tau0W35J43eGCv4wrDmdZ+4ddTZAnGtZqEeCVsLdmDPOEMe2DepogqlSVUF2kGBWtnFUJ5c7Rw==",
      "cpu": [
        "x64"
      ],
      "license": "MIT",
      "optional": true,
      "os": [
        "win32"
      ],
      "engines": {
        "node": "^20.19.0 || >=22.12.0"
      }
    },
    "node_modules/@oxfmt/binding-android-arm-eabi": {
      "version": "0.52.0",
      "resolved": "https://registry.npmjs.org/@oxfmt/binding-android-arm-eabi/-/binding-android-arm-eabi-0.52.0.tgz",
      "integrity": "sha512-17EMSJnQ9g+upVHrAUYDMfH5lvRKQ9Nvg8WtEoH72oDr1VpWz+7/o3tD97U1EToen2YAQ/68JmtDYkQUi20dfQ==",
      "cpu": [
        "arm"
      ],
      "license": "MIT",
      "optional": true,
      "os": [
        "android"
      ],
      "engines": {
        "node": "^20.19.0 || >=22.12.0"
      }
    },
    "node_modules/@oxfmt/binding-android-arm64": {
      "version": "0.52.0",
      "resolved": "https://registry.npmjs.org/@oxfmt/binding-android-arm64/-/binding-android-arm64-0.52.0.tgz",
      "integrity": "sha512-A2G1IdwGEW2lLJkIxcvuirRH1CzSl/e0NX11zTlW1gvxJThfwbI/BEoaKrTNpm7M2FchvIf6guvIQU7d5iz+OQ==",
      "cpu": [
        "arm64"
      ],
      "license": "MIT",
      "optional": true,
      "os": [
        "android"
      ],
      "engines": {
        "node": "^20.19.0 || >=22.12.0"
      }
    },
    "node_modules/@oxfmt/binding-darwin-arm64": {
      "version": "0.52.0",
      "resolved": "https://registry.npmjs.org/@oxfmt/binding-darwin-arm64/-/binding-darwin-arm64-0.52.0.tgz",
      "integrity": "sha512-f9+bLvOYxy7NttCLFTvQ7afmqDOWY4wIP9xdvfj5trQ1qj6f2UFAGwZESlfsMjvJNTyRpXfIlOanCI9FOvoeQA==",
      "cpu": [
        "arm64"
      ],
      "license": "MIT",
      "optional": true,
      "os": [
        "darwin"
      ],
      "engines": {
        "node": "^20.19.0 || >=22.12.0"
      }
    },
    "node_modules/@oxfmt/binding-darwin-x64": {
      "version": "0.52.0",
      "resolved": "https://registry.npmjs.org/@oxfmt/binding-darwin-x64/-/binding-darwin-x64-0.52.0.tgz",
      "integrity": "sha512-YSTB9sJ5nnQd/Q0ddHkgof0ZCHPAnWZT1IW2SJ8omz7CP7KluJhO1fNHrpqdxCtpztJwSs4hY1uAee35wKxxaw==",
      "cpu": [
        "x64"
      ],
      "license": "MIT",
      "optional": true,
      "os": [
        "darwin"
      ],
      "engines": {
        "node": "^20.19.0 || >=22.12.0"
      }
    },
    "node_modules/@oxfmt/binding-freebsd-x64": {
      "version": "0.52.0",
      "resolved": "https://registry.npmjs.org/@oxfmt/binding-freebsd-x64/-/binding-freebsd-x64-0.52.0.tgz",
      "integrity": "sha512-NIrRNTTPCs4UbmVs0bxLSCDlLCtIRMJIXklNKaXa5Oj2/K1UIMBvgE8+uPVo01Io3N9HF0+GAX+aAHjUgZS7vA==",
      "cpu": [
        "x64"
      ],
      "license": "MIT",
      "optional": true,
      "os": [
        "freebsd"
      ],
      "engines": {
        "node": "^20.19.0 || >=22.12.0"
      }
    },
    "node_modules/@oxfmt/binding-linux-arm-gnueabihf": {
      "version": "0.52.0",
      "resolved": "https://registry.npmjs.org/@oxfmt/binding-linux-arm-gnueabihf/-/binding-linux-arm-gnueabihf-0.52.0.tgz",
      "integrity": "sha512-JXUCde8mn3GpgQouz2PXUokgy/uT1QrRJBL2s983VWcSQp62wTFYiNXgTKdeo1Jgbr0IgUnKKvzIk/YBlj/nVQ==",
      "cpu": [
        "arm"
      ],
      "license": "MIT",
      "optional": true,
      "os": [
        "linux"
      ],
      "engines": {
        "node": "^20.19.0 || >=22.12.0"
      }
    },
    "node_modules/@oxfmt/binding-linux-arm-musleabihf": {
      "version": "0.52.0",
      "resolved": "https://registry.npmjs.org/@oxfmt/binding-linux-arm-musleabihf/-/binding-linux-arm-musleabihf-0.52.0.tgz",
      "integrity": "sha512-psbUXaRZ+V8DaXz10Qf7LSHtdtdKAmC8fxXgeU608jjzrmWK4quamZMOpl6sf+dikoFHA85uE93Q0BqxrCdQrQ==",
      "cpu": [
        "arm"
      ],
      "license": "MIT",
      "optional": true,
      "os": [
        "linux"
      ],
      "engines": {
        "node": "^20.19.0 || >=22.12.0"
      }
    },
    "node_modules/@oxfmt/binding-linux-arm64-gnu": {
      "version": "0.52.0",
      "resolved": "https://registry.npmjs.org/@oxfmt/binding-linux-arm64-gnu/-/binding-linux-arm64-gnu-0.52.0.tgz",
      "integrity": "sha512-Jw7MgWUU9lcLCcy82updISP3EthTlfvAwR6gWNxPzqly7+fLvOi2gHQE9xXQjpqaVLm/8P+gOzlv9ODuoVlaaw==",
      "cpu": [
        "arm64"
      ],
      "license": "MIT",
      "optional": true,
      "os": [
        "linux"
      ],
      "engines": {
        "node": "^20.19.0 || >=22.12.0"
      }
    },
    "node_modules/@oxfmt/binding-linux-arm64-musl": {
      "version": "0.52.0",
      "resolved": "https://registry.npmjs.org/@oxfmt/binding-linux-arm64-musl/-/binding-linux-arm64-musl-0.52.0.tgz",
      "integrity": "sha512-wZg6bLjDvh2KibyI3QFUYo8GTXneIFsd0JvehtvJiUmQ8WRPERgxd/VM4ctWb86U5FT1FkqgS8/wZKVB+AZScg==",
      "cpu": [
        "arm64"
      ],
      "license": "MIT",
      "optional": true,
      "os": [
        "linux"
      ],
      "engines": {
        "node": "^20.19.0 || >=22.12.0"
      }
    },
    "node_modules/@oxfmt/binding-linux-ppc64-gnu": {
      "version": "0.52.0",
      "resolved": "https://registry.npmjs.org/@oxfmt/binding-linux-ppc64-gnu/-/binding-linux-ppc64-gnu-0.52.0.tgz",
      "integrity": "sha512-IngE8uxhNvxcMrLjZNDo9xNLY7rEK33AKnaMd2B46he1e/mz2CfcW6If/U1wUjdRZddm1QzQaciqZkuMkdh1FA==",
      "cpu": [
        "ppc64"
      ],
      "license": "MIT",
      "optional": true,
      "os": [
        "linux"
      ],
      "engines": {
        "node": "^20.19.0 || >=22.12.0"
      }
    },
    "node_modules/@oxfmt/binding-linux-riscv64-gnu": {
      "version": "0.52.0",
      "resolved": "https://registry.npmjs.org/@oxfmt/binding-linux-riscv64-gnu/-/binding-linux-riscv64-gnu-0.52.0.tgz",
      "integrity": "sha512-H3+DdFMv/efN3Efmhsv18jDrpiWWqKG7wsfAlQBqAt6z/E2Bx+TwEj2Nowe51CPOWB8/mFBC2dAMSgVFLvvowA==",
      "cpu": [
        "riscv64"
      ],
      "license": "MIT",
      "optional": true,
      "os": [
        "linux"
      ],
      "engines": {
        "node": "^20.19.0 || >=22.12.0"
      }
    },
    "node_modules/@oxfmt/binding-linux-riscv64-musl": {
      "version": "0.52.0",
      "resolved": "https://registry.npmjs.org/@oxfmt/binding-linux-riscv64-musl/-/binding-linux-riscv64-musl-0.52.0.tgz",
      "integrity": "sha512-zji+1kb7lJKohSDjzC1IsS+K/cKRs1hdVf0ZH0VbdbiakmtLvN9twBoXo/k8VdjFax7kfo+DyPxS7vv52br1aw==",
      "cpu": [
        "riscv64"
      ],
      "license": "MIT",
      "optional": true,
      "os": [
        "linux"
      ],
      "engines": {
        "node": "^20.19.0 || >=22.12.0"
      }
    },
    "node_modules/@oxfmt/binding-linux-s390x-gnu": {
      "version": "0.52.0",
      "resolved": "https://registry.npmjs.org/@oxfmt/binding-linux-s390x-gnu/-/binding-linux-s390x-gnu-0.52.0.tgz",
      "integrity": "sha512-hcLBYedpCy7ToUvvBidWk7+11Yhg1oAZ4+6hKPic/mQI6NaqXJSXMps5nFlwUuX2ewhtLZZDPg63TI042qGKBg==",
      "cpu": [
        "s390x"
      ],
      "license": "MIT",
      "optional": true,
      "os": [
        "linux"
      ],
      "engines": {
        "node": "^20.19.0 || >=22.12.0"
      }
    },
    "node_modules/@oxfmt/binding-linux-x64-gnu": {
      "version": "0.52.0",
      "resolved": "https://registry.npmjs.org/@oxfmt/binding-linux-x64-gnu/-/binding-linux-x64-gnu-0.52.0.tgz",
      "integrity": "sha512-IDO2loXK2OtTOhSPchU9MW25mWL2QCDGdJbjN8MXKZVS80qXe5gMTwQWu/gMJ3juoBHbkuUZNB2N1LHzNT7DoA==",
      "cpu": [
        "x64"
      ],
      "license": "MIT",
      "optional": true,
      "os": [
        "linux"
      ],
      "engines": {
        "node": "^20.19.0 || >=22.12.0"
      }
    },
    "node_modules/@oxfmt/binding-linux-x64-musl": {
      "version": "0.52.0",
      "resolved": "https://registry.npmjs.org/@oxfmt/binding-linux-x64-musl/-/binding-linux-x64-musl-0.52.0.tgz",
      "integrity": "sha512-mAV2Hjn0SatJ+KoAzKUC3eJhdJ8wv+3m1KyuS0dTsbF0c5weq+QrCt/DRZZM+uj/XiKzCDEUKYsBF30e2qkcyw==",
      "cpu": [
        "x64"
      ],
      "license": "MIT",
      "optional": true,
      "os": [
        "linux"
      ],
      "engines": {
        "node": "^20.19.0 || >=22.12.0"
      }
    },
    "node_modules/@oxfmt/binding-openharmony-arm64": {
      "version": "0.52.0",
      "resolved": "https://registry.npmjs.org/@oxfmt/binding-openharmony-arm64/-/binding-openharmony-arm64-0.52.0.tgz",
      "integrity": "sha512-vd4npaUIwChxp7XzkqmepBWTT9YMcSe/NBApVGPC30/lLyOVaV3dvma1SKo03t8O73BPRAG7EyJzGlN5cJM5hQ==",
      "cpu": [
        "arm64"
      ],
      "license": "MIT",
      "optional": true,
      "os": [
        "openharmony"
      ],
      "engines": {
        "node": "^20.19.0 || >=22.12.0"
      }
    },
    "node_modules/@oxfmt/binding-win32-arm64-msvc": {
      "version": "0.52.0",
      "resolved": "https://registry.npmjs.org/@oxfmt/binding-win32-arm64-msvc/-/binding-win32-arm64-msvc-0.52.0.tgz",
      "integrity": "sha512-k2sz6gWQdMfh5HPpIS+Bw/0UEV/kaK2xuqJRrWL233sEHx9WLlsmvlPFM4HUNThkYbSN0U0vPW7LVKZWDS8hPQ==",
      "cpu": [
        "arm64"
      ],
      "license": "MIT",
      "optional": true,
      "os": [
        "win32"
      ],
      "engines": {
        "node": "^20.19.0 || >=22.12.0"
      }
    },
    "node_modules/@oxfmt/binding-win32-ia32-msvc": {
      "version": "0.52.0",
      "resolved": "https://registry.npmjs.org/@oxfmt/binding-win32-ia32-msvc/-/binding-win32-ia32-msvc-0.52.0.tgz",
      "integrity": "sha512-rhke69GTcArodLHpjMTfNnvjTEBryDeZcUCKK/VjXDMtfTULl6QRh0ymX5/hbCUv2WjYm9h/QbW++q2vE15gWQ==",
      "cpu": [
        "ia32"
      ],
      "license": "MIT",
      "optional": true,
      "os": [
        "win32"
      ],
      "engines": {
        "node": "^20.19.0 || >=22.12.0"
      }
    },
    "node_modules/@oxfmt/binding-win32-x64-msvc": {
      "version": "0.52.0",
      "resolved": "https://registry.npmjs.org/@oxfmt/binding-win32-x64-msvc/-/binding-win32-x64-msvc-0.52.0.tgz",
      "integrity": "sha512-q5xL7oeXkZdEtNZWBdvehJcmt+GRu9l2bK40yJs1jJXlqq+r0Hygb1rTjq+FM2o/2xyt4cufH6KRplHp3Jjsvw==",
      "cpu": [
        "x64"
      ],
      "license": "MIT",
      "optional": true,
      "os": [
        "win32"
      ],
      "engines": {
        "node": "^20.19.0 || >=22.12.0"
      }
    },
    "node_modules/@tybys/wasm-util": {
      "version": "0.10.2",
      "resolved": "https://registry.npmjs.org/@tybys/wasm-util/-/wasm-util-0.10.2.tgz",
      "integrity": "sha512-RoBvJ2X0wuKlWFIjrwffGw1IqZHKQqzIchKaadZZfnNpsAYp2mM0h36JtPCjNDAHGgYez/15uMBpfGwchhiMgg==",
      "license": "MIT",
      "optional": true,
      "dependencies": {
        "tslib": "^2.4.0"
      }
    },
    "node_modules/oxc-minify": {
      "version": "0.133.0",
      "resolved": "https://registry.npmjs.org/oxc-minify/-/oxc-minify-0.133.0.tgz",
      "integrity": "sha512-6bNsYU+5WNIaNHB16zHnL24cUaJuKiPzUvjENoMale3+U8ZBMbGYgdgt//frx0ge7UcgEGIpqtukGGNPT0kxfQ==",
      "license": "MIT",
      "engines": {
        "node": "^20.19.0 || >=22.12.0"
      },
      "funding": {
        "url": "https://github.com/sponsors/Boshen"
      },
      "optionalDependencies": {
        "@oxc-minify/binding-android-arm-eabi": "0.133.0",
        "@oxc-minify/binding-android-arm64": "0.133.0",
        "@oxc-minify/binding-darwin-arm64": "0.133.0",
        "@oxc-minify/binding-darwin-x64": "0.133.0",
        "@oxc-minify/binding-freebsd-x64": "0.133.0",
        "@oxc-minify/binding-linux-arm-gnueabihf": "0.133.0",
        "@oxc-minify/binding-linux-arm-musleabihf": "0.133.0",
        "@oxc-minify/binding-linux-arm64-gnu": "0.133.0",
        "@oxc-minify/binding-linux-arm64-musl": "0.133.0",
        "@oxc-minify/binding-linux-ppc64-gnu": "0.133.0",
        "@oxc-minify/binding-linux-riscv64-gnu": "0.133.0",
        "@oxc-minify/binding-linux-riscv64-musl": "0.133.0",
        "@oxc-minify/binding-linux-s390x-gnu": "0.133.0",
        "@oxc-minify/binding-linux-x64-gnu": "0.133.0",
        "@oxc-minify/binding-linux-x64-musl": "0.133.0",
        "@oxc-minify/binding-openharmony-arm64": "0.133.0",
        "@oxc-minify/binding-wasm32-wasi": "0.133.0",
        "@oxc-minify/binding-win32-arm64-msvc": "0.133.0",
        "@oxc-minify/binding-win32-ia32-msvc": "0.133.0",
        "@oxc-minify/binding-win32-x64-msvc": "0.133.0"
      }
    },
    "node_modules/oxfmt": {
      "version": "0.52.0",
      "resolved": "https://registry.npmjs.org/oxfmt/-/oxfmt-0.52.0.tgz",
      "integrity": "sha512-nJlYM35F64zTDMecCNhoHNkf+D/eHv7xcjj9XDSj+bFAVtN93m7v8DQMdHd6nDG6Akf/kEYYHmDUBs2Dz27Sug==",
      "license": "MIT",
      "dependencies": {
        "tinypool": "2.1.0"
      },
      "bin": {
        "oxfmt": "bin/oxfmt"
      },
      "engines": {
        "node": "^20.19.0 || >=22.12.0"
      },
      "funding": {
        "url": "https://github.com/sponsors/Boshen"
      },
      "optionalDependencies": {
        "@oxfmt/binding-android-arm-eabi": "0.52.0",
        "@oxfmt/binding-android-arm64": "0.52.0",
        "@oxfmt/binding-darwin-arm64": "0.52.0",
        "@oxfmt/binding-darwin-x64": "0.52.0",
        "@oxfmt/binding-freebsd-x64": "0.52.0",
        "@oxfmt/binding-linux-arm-gnueabihf": "0.52.0",
        "@oxfmt/binding-linux-arm-musleabihf": "0.52.0",
        "@oxfmt/binding-linux-arm64-gnu": "0.52.0",
        "@oxfmt/binding-linux-arm64-musl": "0.52.0",
        "@oxfmt/binding-linux-ppc64-gnu": "0.52.0",
        "@oxfmt/binding-linux-riscv64-gnu": "0.52.0",
        "@oxfmt/binding-linux-riscv64-musl": "0.52.0",
        "@oxfmt/binding-linux-s390x-gnu": "0.52.0",
        "@oxfmt/binding-linux-x64-gnu": "0.52.0",
        "@oxfmt/binding-linux-x64-musl": "0.52.0",
        "@oxfmt/binding-openharmony-arm64": "0.52.0",
        "@oxfmt/binding-win32-arm64-msvc": "0.52.0",
        "@oxfmt/binding-win32-ia32-msvc": "0.52.0",
        "@oxfmt/binding-win32-x64-msvc": "0.52.0"
      },
      "peerDependencies": {
        "svelte": "^5.0.0",
        "vite-plus": "*"
      },
      "peerDependenciesMeta": {
        "svelte": {
          "optional": true
        },
        "vite-plus": {
          "optional": true
        }
      }
    },
    "node_modules/tinypool": {
      "version": "2.1.0",
      "resolved": "https://registry.npmjs.org/tinypool/-/tinypool-2.1.0.tgz",
      "integrity": "sha512-Pugqs6M0m7Lv1I7FtxN4aoyToKg1C4tu+/381vH35y8oENM/Ai7f7C4StcoK4/+BSw9ebcS8jRiVrORFKCALLw==",
      "license": "MIT",
      "engines": {
        "node": "^20.0.0 || >=22.0.0"
      }
    },
    "node_modules/tslib": {
      "version": "2.8.1",
      "resolved": "https://registry.npmjs.org/tslib/-/tslib-2.8.1.tgz",
      "integrity": "sha512-oJFu94HQb+KVduSUQL7wnpmqnfmLsOA/nAh6b6EH0wCEoK0/mPeXU6c3wKDV83MkOuHPRHtSXKKU99IBazS/2w==",
      "license": "0BSD",
      "optional": true
    }
  }
}
